PODS:
  - Flutter (1.0.0)
  - tappay (0.0.1):
    - Flutter

DEPENDENCIES:
  - Flutter (from `Flutter`)
  - tappay (from `.symlinks/plugins/tappay/ios`)

EXTERNAL SOURCES:
  Flutter:
    :path: Flutter
  tappay:
    :path: ".symlinks/plugins/tappay/ios"

SPEC CHECKSUMS:
  Flutter: 0e3d915762c693b495b44d77113d4970485de6ec
  tappay: c3288f70d0cce3f5145b07d64c4900b576212839

PODFILE CHECKSUM: aafe91acc616949ddb318b77800a7f51bffa2a4c

COCOAPODS: 1.9.3
